
Microsoft Visual Studio Solution File, Format Version 12.00
# Visual Studio 15
VisualStudioVersion = 15.0.27130.0
MinimumVisualStudioVersion = 10.0.40219.1
Project("{9A19103F-16F7-4668-BE54-9A1E7A4F7556}") = "TimemicroCore.CoinsWallet.Bitcoin", "TimemicroCore.CoinsWallet.Bitcoin\TimemicroCore.CoinsWallet.Bitcoin.csproj", "{AA183161-8AB0-4856-9742-79745465CF3A}"
EndProject
Project("{9A19103F-16F7-4668-BE54-9A1E7A4F7556}") = "TimemicroCore.CoinsWallet.WebAPI", "TimemicroCore.CoinsWallet.WebAPI\TimemicroCore.CoinsWallet.WebAPI.csproj", "{C4023271-1C8B-46C9-B22C-1DE98CA4685D}"
EndProject
Project("{9A19103F-16F7-4668-BE54-9A1E7A4F7556}") = "TimemicroCore.Bitcoin.RPCClient", "..\..\Bitcoin.RPCClient\src\TimemicroCore.Bitcoin.RPCClient\TimemicroCore.Bitcoin.RPCClient.csproj", "{3C77B167-E4A2-44C9-B050-60647198774E}"
EndProject
Project("{9A19103F-16F7-4668-BE54-9A1E7A4F7556}") = "TimemicroCore.CoinsWallet.Sdk", "TimemicroCore.CoinsWallet.Sdk\TimemicroCore.CoinsWallet.Sdk.csproj", "{1BEC459C-8FAC-4379-8250-BC3FDE0F699A}"
EndProject
Project("{9A19103F-16F7-4668-BE54-9A1E7A4F7556}") = "TimemicroCore.CoinsWallet.Api", "TimemicroCore.CoinsWallet.API\TimemicroCore.CoinsWallet.Api.csproj", "{CEEB702B-8288-4FC0-A4DA-DBA6549001D0}"
EndProject
Project("{9A19103F-16F7-4668-BE54-9A1E7A4F7556}") = "TimemicroCore.CoinsWallet.Quartz", "TimemicroCore.CoinsWallet.Quartz\TimemicroCore.CoinsWallet.Quartz.csproj", "{B0B721E0-2A98-408E-8B99-FCA6B76CAB46}"
EndProject
Project("{9A19103F-16F7-4668-BE54-9A1E7A4F7556}") = "TimemicroCore.CoinsWallet.Network", "TimemicroCore.CoinsWallet.Network\TimemicroCore.CoinsWallet.Network.csproj", "{9C939B82-152B-4A04-A0D0-B290BC6A9C82}"
EndProject
Project("{2150E333-8FDC-42A3-9474-1A3956D46DE8}") = "RPCClients", "RPCClients", "{FD9D4AB2-F04B-4C63-B75E-4D68972446D8}"
EndProject
Project("{9A19103F-16F7-4668-BE54-9A1E7A4F7556}") = "TimemicroCore.BitcoinCash.RPCClient", "..\..\BitcoinCash.RPCClient\src\TimemicroCore.BitcoinCash.RPCClient\TimemicroCore.BitcoinCash.RPCClient.csproj", "{5121AB6E-6914-4A82-8516-022C30EC6ED1}"
EndProject
Project("{9A19103F-16F7-4668-BE54-9A1E7A4F7556}") = "TimemicroCore.CoinsWallet.BitcoinCash", "TimemicroCore.CoinsWallet.BitcoinCash\TimemicroCore.CoinsWallet.BitcoinCash.csproj", "{64C64C83-ECC1-4396-9072-A4C2F97A20F2}"
EndProject
Project("{9A19103F-16F7-4668-BE54-9A1E7A4F7556}") = "TimemicroCore.Zcash.RPCClient", "..\..\Zcash.RPCClient\src\TimemicroCore.Zcash.RPCClient\TimemicroCore.Zcash.RPCClient.csproj", "{8D12C306-2336-4833-B5EB-4587847D0DEA}"
EndProject
Project("{9A19103F-16F7-4668-BE54-9A1E7A4F7556}") = "TimemicroCore.CoinsWallet.Zcash", "TimemicroCore.CoinsWallet.Zcash\TimemicroCore.CoinsWallet.Zcash.csproj", "{321A8ABB-59CF-4F94-9F18-340D9E20D709}"
EndProject
Project("{2150E333-8FDC-42A3-9474-1A3956D46DE8}") = "Coins", "Coins", "{80CF82A0-6301-4B4F-B647-6089A019BFBB}"
EndProject
Global
	GlobalSection(SolutionConfigurationPlatforms) = preSolution
		Debug|Any CPU = Debug|Any CPU
		Release|Any CPU = Release|Any CPU
	EndGlobalSection
	GlobalSection(ProjectConfigurationPlatforms) = postSolution
		{AA183161-8AB0-4856-9742-79745465CF3A}.Debug|Any CPU.ActiveCfg = Debug|Any CPU
		{AA183161-8AB0-4856-9742-79745465CF3A}.Debug|Any CPU.Build.0 = Debug|Any CPU
		{AA183161-8AB0-4856-9742-79745465CF3A}.Release|Any CPU.ActiveCfg = Release|Any CPU
		{AA183161-8AB0-4856-9742-79745465CF3A}.Release|Any CPU.Build.0 = Release|Any CPU
		{C4023271-1C8B-46C9-B22C-1DE98CA4685D}.Debug|Any CPU.ActiveCfg = Debug|Any CPU
		{C4023271-1C8B-46C9-B22C-1DE98CA4685D}.Debug|Any CPU.Build.0 = Debug|Any CPU
		{C4023271-1C8B-46C9-B22C-1DE98CA4685D}.Release|Any CPU.ActiveCfg = Release|Any CPU
		{C4023271-1C8B-46C9-B22C-1DE98CA4685D}.Release|Any CPU.Build.0 = Release|Any CPU
		{3C77B167-E4A2-44C9-B050-60647198774E}.Debug|Any CPU.ActiveCfg = Debug|Any CPU
		{3C77B167-E4A2-44C9-B050-60647198774E}.Debug|Any CPU.Build.0 = Debug|Any CPU
		{3C77B167-E4A2-44C9-B050-60647198774E}.Release|Any CPU.ActiveCfg = Release|Any CPU
		{3C77B167-E4A2-44C9-B050-60647198774E}.Release|Any CPU.Build.0 = Release|Any CPU
		{1BEC459C-8FAC-4379-8250-BC3FDE0F699A}.Debug|Any CPU.ActiveCfg = Debug|Any CPU
		{1BEC459C-8FAC-4379-8250-BC3FDE0F699A}.Debug|Any CPU.Build.0 = Debug|Any CPU
		{1BEC459C-8FAC-4379-8250-BC3FDE0F699A}.Release|Any CPU.ActiveCfg = Release|Any CPU
		{1BEC459C-8FAC-4379-8250-BC3FDE0F699A}.Release|Any CPU.Build.0 = Release|Any CPU
		{CEEB702B-8288-4FC0-A4DA-DBA6549001D0}.Debug|Any CPU.ActiveCfg = Debug|Any CPU
		{CEEB702B-8288-4FC0-A4DA-DBA6549001D0}.Debug|Any CPU.Build.0 = Debug|Any CPU
		{CEEB702B-8288-4FC0-A4DA-DBA6549001D0}.Release|Any CPU.ActiveCfg = Release|Any CPU
		{CEEB702B-8288-4FC0-A4DA-DBA6549001D0}.Release|Any CPU.Build.0 = Release|Any CPU
		{B0B721E0-2A98-408E-8B99-FCA6B76CAB46}.Debug|Any CPU.ActiveCfg = Debug|Any CPU
		{B0B721E0-2A98-408E-8B99-FCA6B76CAB46}.Debug|Any CPU.Build.0 = Debug|Any CPU
		{B0B721E0-2A98-408E-8B99-FCA6B76CAB46}.Release|Any CPU.ActiveCfg = Release|Any CPU
		{B0B721E0-2A98-408E-8B99-FCA6B76CAB46}.Release|Any CPU.Build.0 = Release|Any CPU
		{9C939B82-152B-4A04-A0D0-B290BC6A9C82}.Debug|Any CPU.ActiveCfg = Debug|Any CPU
		{9C939B82-152B-4A04-A0D0-B290BC6A9C82}.Debug|Any CPU.Build.0 = Debug|Any CPU
		{9C939B82-152B-4A04-A0D0-B290BC6A9C82}.Release|Any CPU.ActiveCfg = Release|Any CPU
		{9C939B82-152B-4A04-A0D0-B290BC6A9C82}.Release|Any CPU.Build.0 = Release|Any CPU
		{5121AB6E-6914-4A82-8516-022C30EC6ED1}.Debug|Any CPU.ActiveCfg = Debug|Any CPU
		{5121AB6E-6914-4A82-8516-022C30EC6ED1}.Debug|Any CPU.Build.0 = Debug|Any CPU
		{5121AB6E-6914-4A82-8516-022C30EC6ED1}.Release|Any CPU.ActiveCfg = Release|Any CPU
		{5121AB6E-6914-4A82-8516-022C30EC6ED1}.Release|Any CPU.Build.0 = Release|Any CPU
		{64C64C83-ECC1-4396-9072-A4C2F97A20F2}.Debug|Any CPU.ActiveCfg = Debug|Any CPU
		{64C64C83-ECC1-4396-9072-A4C2F97A20F2}.Debug|Any CPU.Build.0 = Debug|Any CPU
		{64C64C83-ECC1-4396-9072-A4C2F97A20F2}.Release|Any CPU.ActiveCfg = Release|Any CPU
		{64C64C83-ECC1-4396-9072-A4C2F97A20F2}.Release|Any CPU.Build.0 = Release|Any CPU
		{8D12C306-2336-4833-B5EB-4587847D0DEA}.Debug|Any CPU.ActiveCfg = Debug|Any CPU
		{8D12C306-2336-4833-B5EB-4587847D0DEA}.Debug|Any CPU.Build.0 = Debug|Any CPU
		{8D12C306-2336-4833-B5EB-4587847D0DEA}.Release|Any CPU.ActiveCfg = Release|Any CPU
		{8D12C306-2336-4833-B5EB-4587847D0DEA}.Release|Any CPU.Build.0 = Release|Any CPU
		{321A8ABB-59CF-4F94-9F18-340D9E20D709}.Debug|Any CPU.ActiveCfg = Debug|Any CPU
		{321A8ABB-59CF-4F94-9F18-340D9E20D709}.Debug|Any CPU.Build.0 = Debug|Any CPU
		{321A8ABB-59CF-4F94-9F18-340D9E20D709}.Release|Any CPU.ActiveCfg = Release|Any CPU
		{321A8ABB-59CF-4F94-9F18-340D9E20D709}.Release|Any CPU.Build.0 = Release|Any CPU
	EndGlobalSection
	GlobalSection(SolutionProperties) = preSolution
		HideSolutionNode = FALSE
	EndGlobalSection
	GlobalSection(NestedProjects) = preSolution
		{AA183161-8AB0-4856-9742-79745465CF3A} = {80CF82A0-6301-4B4F-B647-6089A019BFBB}
		{3C77B167-E4A2-44C9-B050-60647198774E} = {FD9D4AB2-F04B-4C63-B75E-4D68972446D8}
		{5121AB6E-6914-4A82-8516-022C30EC6ED1} = {FD9D4AB2-F04B-4C63-B75E-4D68972446D8}
		{64C64C83-ECC1-4396-9072-A4C2F97A20F2} = {80CF82A0-6301-4B4F-B647-6089A019BFBB}
		{8D12C306-2336-4833-B5EB-4587847D0DEA} = {FD9D4AB2-F04B-4C63-B75E-4D68972446D8}
	EndGlobalSection
	GlobalSection(ExtensibilityGlobals) = postSolution
		SolutionGuid = {0136D57D-96CF-47BF-A1C0-0D12FE695C5C}
	EndGlobalSection
EndGlobal
